// !$*UTF8*$!
{
	archiveVersion = 1;
	classes = {
	};
	objectVersion = 50;
	objects = {

/* Begin PBXBuildFile section */
		860C39C422460E8F008281D1 /* AppDelegate.swift in Sources */ = {isa = PBXBuildFile; fileRef = 860C39C322460E8F008281D1 /* AppDelegate.swift */; };
		860C39C922460E8F008281D1 /* Main.storyboard in Resources */ = {isa = PBXBuildFile; fileRef = 860C39C722460E8F008281D1 /* Main.storyboard */; };
		860C39CC22460E8F008281D1 /* movietracker.xcdatamodeld in Sources */ = {isa = PBXBuildFile; fileRef = 860C39CA22460E8F008281D1 /* movietracker.xcdatamodeld */; };
		860C39CE22460E91008281D1 /* Assets.xcassets in Resources */ = {isa = PBXBuildFile; fileRef = 860C39CD22460E91008281D1 /* Assets.xcassets */; };
		860C39D122460E91008281D1 /* LaunchScreen.storyboard in Resources */ = {isa = PBXBuildFile; fileRef = 860C39CF22460E91008281D1 /* LaunchScreen.storyboard */; };
		860C39DC22460E92008281D1 /* movietrackerTests.swift in Sources */ = {isa = PBXBuildFile; fileRef = 860C39DB22460E92008281D1 /* movietrackerTests.swift */; };
		860C39E722460E92008281D1 /* movietrackerUITests.swift in Sources */ = {isa = PBXBuildFile; fileRef = 860C39E622460E92008281D1 /* movietrackerUITests.swift */; };
		863F2EC122494DEA00B2F29A /* ApiThemoviedbResponses.swift in Sources */ = {isa = PBXBuildFile; fileRef = 863F2EC022494DEA00B2F29A /* ApiThemoviedbResponses.swift */; };
		863F2EC32249535D00B2F29A /* Movie.swift in Sources */ = {isa = PBXBuildFile; fileRef = 863F2EC22249535D00B2F29A /* Movie.swift */; };
		863F2EC5224953C900B2F29A /* Genre.swift in Sources */ = {isa = PBXBuildFile; fileRef = 863F2EC4224953C800B2F29A /* Genre.swift */; };
		8646F61C2258C85B00C9D981 /* ApplicationCoordinator.swift in Sources */ = {isa = PBXBuildFile; fileRef = 8646F61B2258C85B00C9D981 /* ApplicationCoordinator.swift */; };
		864BBF9E226246DB00F54348 /* forAppStore in Resources */ = {isa = PBXBuildFile; fileRef = 864BBF9D226246DA00F54348 /* forAppStore */; };
		865B67102247CF92002ECD99 /* DebugPrint.swift in Sources */ = {isa = PBXBuildFile; fileRef = 865B670F2247CF92002ECD99 /* DebugPrint.swift */; };
		865B67122247E68B002ECD99 /* HTTPClient.swift in Sources */ = {isa = PBXBuildFile; fileRef = 865B67112247E68B002ECD99 /* HTTPClient.swift */; };
		86789C492250920200FAC27F /* Secret.swift in Sources */ = {isa = PBXBuildFile; fileRef = 86789C482250920200FAC27F /* Secret.swift */; };
		86789C4B22509A0E00FAC27F /* TVShow.swift in Sources */ = {isa = PBXBuildFile; fileRef = 86789C4A22509A0E00FAC27F /* TVShow.swift */; };
		86789C4D2250ECB200FAC27F /* FeaturedCoordinatable.swift in Sources */ = {isa = PBXBuildFile; fileRef = 86789C4C2250ECB200FAC27F /* FeaturedCoordinatable.swift */; };
		86789C4F2250EF8C00FAC27F /* FeaturedCoordinator.swift in Sources */ = {isa = PBXBuildFile; fileRef = 86789C4E2250EF8C00FAC27F /* FeaturedCoordinator.swift */; };
		86789C512250F66300FAC27F /* Coordinatable.swift in Sources */ = {isa = PBXBuildFile; fileRef = 86789C502250F66300FAC27F /* Coordinatable.swift */; };
		867F63E322478C2C00D2524D /* LoginViewController.swift in Sources */ = {isa = PBXBuildFile; fileRef = 867F63E222478C2C00D2524D /* LoginViewController.swift */; };
		867F63E62247901800D2524D /* FeaturedViewController.swift in Sources */ = {isa = PBXBuildFile; fileRef = 867F63E52247901800D2524D /* FeaturedViewController.swift */; };
		867F63E82247923400D2524D /* App.swift in Sources */ = {isa = PBXBuildFile; fileRef = 867F63E72247923400D2524D /* App.swift */; };
		867F63EA224793E000D2524D /* UIStoryboard+ViewControllers.swift in Sources */ = {isa = PBXBuildFile; fileRef = 867F63E9224793E000D2524D /* UIStoryboard+ViewControllers.swift */; };
		867F63ED2247A94E00D2524D /* HTTPClientService.swift in Sources */ = {isa = PBXBuildFile; fileRef = 867F63EC2247A94E00D2524D /* HTTPClientService.swift */; };
		868027C32253D7D200E289CE /* ItemDetailTipsView.swift in Sources */ = {isa = PBXBuildFile; fileRef = 868027C12253D7D200E289CE /* ItemDetailTipsView.swift */; };
		868027C42253D7D200E289CE /* ItemDetailTipsView.xib in Resources */ = {isa = PBXBuildFile; fileRef = 868027C22253D7D200E289CE /* ItemDetailTipsView.xib */; };
		868027C62253D96100E289CE /* GradientImageView.swift in Sources */ = {isa = PBXBuildFile; fileRef = 868027C52253D96100E289CE /* GradientImageView.swift */; };
		868027C82253D9A000E289CE /* ItemDetailViewModel.swift in Sources */ = {isa = PBXBuildFile; fileRef = 868027C72253D9A000E289CE /* ItemDetailViewModel.swift */; };
		868027CA2253DE4000E289CE /* ItemDetailData.swift in Sources */ = {isa = PBXBuildFile; fileRef = 868027C92253DE4000E289CE /* ItemDetailData.swift */; };
		868027CC2253E0C500E289CE /* ItemDetailCoordinatable.swift in Sources */ = {isa = PBXBuildFile; fileRef = 868027CB2253E0C500E289CE /* ItemDetailCoordinatable.swift */; };
		86837B0E225540F1007B057F /* scripts in Resources */ = {isa = PBXBuildFile; fileRef = 86837B0D225540F1007B057F /* scripts */; };
		86842B3C224E93600060B7EE /* ViewModelType.swift in Sources */ = {isa = PBXBuildFile; fileRef = 86842B3B224E93600060B7EE /* ViewModelType.swift */; };
		86842B3E224E94240060B7EE /* CarouselViewModel.swift in Sources */ = {isa = PBXBuildFile; fileRef = 86842B3D224E94240060B7EE /* CarouselViewModel.swift */; };
		86842B40224E95120060B7EE /* CarouselItemViewModel.swift in Sources */ = {isa = PBXBuildFile; fileRef = 86842B3F224E95120060B7EE /* CarouselItemViewModel.swift */; };
		86842B42224E965C0060B7EE /* ActivityIndicator.swift in Sources */ = {isa = PBXBuildFile; fileRef = 86842B41224E965C0060B7EE /* ActivityIndicator.swift */; };
		869835CA225F2043003333D5 /* TVShowDetailCoordinator.swift in Sources */ = {isa = PBXBuildFile; fileRef = 869835C9225F2043003333D5 /* TVShowDetailCoordinator.swift */; };
		869B8C77224F3A2200417E3E /* UIViewController+Rx.swift in Sources */ = {isa = PBXBuildFile; fileRef = 869B8C76224F3A2200417E3E /* UIViewController+Rx.swift */; };
		869B8C79224F3B3600417E3E /* FeaturedViewModel.swift in Sources */ = {isa = PBXBuildFile; fileRef = 869B8C78224F3B3600417E3E /* FeaturedViewModel.swift */; };
		869B8C7C224F3C8500417E3E /* CarouselSectionTableViewCell.swift in Sources */ = {isa = PBXBuildFile; fileRef = 869B8C7A224F3C8500417E3E /* CarouselSectionTableViewCell.swift */; };
		869B8C7D224F3C8500417E3E /* CarouselSectionTableViewCell.xib in Resources */ = {isa = PBXBuildFile; fileRef = 869B8C7B224F3C8500417E3E /* CarouselSectionTableViewCell.xib */; };
		869B8C80224F41B900417E3E /* FeaturedMainView.swift in Sources */ = {isa = PBXBuildFile; fileRef = 869B8C7E224F41B900417E3E /* FeaturedMainView.swift */; };
		869B8C81224F41B900417E3E /* FeaturedMainView.xib in Resources */ = {isa = PBXBuildFile; fileRef = 869B8C7F224F41B900417E3E /* FeaturedMainView.xib */; };
		869EE954224BF012003B6747 /* ApiThemoviedbAuthProvider.swift in Sources */ = {isa = PBXBuildFile; fileRef = 869EE953224BF012003B6747 /* ApiThemoviedbAuthProvider.swift */; };
		869EE956224BF0DB003B6747 /* ApiThemoviedbService.swift in Sources */ = {isa = PBXBuildFile; fileRef = 869EE955224BF0DB003B6747 /* ApiThemoviedbService.swift */; };
		869EE958224BF22A003B6747 /* Constants.swift in Sources */ = {isa = PBXBuildFile; fileRef = 869EE957224BF22A003B6747 /* Constants.swift */; };
		869EE95A224BF624003B6747 /* ApiThemoviedb.swift in Sources */ = {isa = PBXBuildFile; fileRef = 869EE959224BF624003B6747 /* ApiThemoviedb.swift */; };
		86A32BF522586BF100D75D81 /* MovieDetailCoordinator.swift in Sources */ = {isa = PBXBuildFile; fileRef = 86A32BF422586BF100D75D81 /* MovieDetailCoordinator.swift */; };
		86AD8F102259E94B002F3674 /* ApiThemoviedbTVShowsProvider.swift in Sources */ = {isa = PBXBuildFile; fileRef = 86AD8F0F2259E94B002F3674 /* ApiThemoviedbTVShowsProvider.swift */; };
		86AD8F12225A160C002F3674 /* ExampleCoordinator.swift in Sources */ = {isa = PBXBuildFile; fileRef = 86AD8F11225A160C002F3674 /* ExampleCoordinator.swift */; };
		86BC9D3B224A9F2100E6A943 /* ApiThemoviedbMoviesProvider.swift in Sources */ = {isa = PBXBuildFile; fileRef = 86BC9D3A224A9F2100E6A943 /* ApiThemoviedbMoviesProvider.swift */; };
		86E3EE6A22528A2400177C22 /* ItemDetailViewController.swift in Sources */ = {isa = PBXBuildFile; fileRef = 86E3EE6922528A2400177C22 /* ItemDetailViewController.swift */; };
		86E3EE6E22528C8800177C22 /* ItemDetailHeaderView.swift in Sources */ = {isa = PBXBuildFile; fileRef = 86E3EE6C22528C8800177C22 /* ItemDetailHeaderView.swift */; };
		86E3EE6F22528C8800177C22 /* ItemDetailHeaderView.xib in Resources */ = {isa = PBXBuildFile; fileRef = 86E3EE6D22528C8800177C22 /* ItemDetailHeaderView.xib */; };
		86FDC5E3224D453F006D0EDF /* MovieCollectionViewCell.swift in Sources */ = {isa = PBXBuildFile; fileRef = 86FDC5E1224D453F006D0EDF /* MovieCollectionViewCell.swift */; };
		86FDC5E4224D453F006D0EDF /* MovieCollectionViewCell.xib in Resources */ = {isa = PBXBuildFile; fileRef = 86FDC5E2224D453F006D0EDF /* MovieCollectionViewCell.xib */; };
		87160058027C34871D8D58DD /* Pods_movietrackerUITests.framework in Frameworks */ = {isa = PBXBuildFile; fileRef = 450444EA0D5F27D814DB6536 /* Pods_movietrackerUITests.framework */; };
		AFB9C746460337F446FD8C9F /* Pods_movietracker.framework in Frameworks */ = {isa = PBXBuildFile; fileRef = 162A7B1FE5238B4FCA0C21F2 /* Pods_movietracker.framework */; };
		DEC1A52691C2EA5414C5D4C7 /* Pods_movietrackerTests.framework in Frameworks */ = {isa = PBXBuildFile; fileRef = 05825FDF224830E3057000DC /* Pods_movietrackerTests.framework */; };
/* End PBXBuildFile section */

/* Begin PBXContainerItemProxy section */
		860C39D822460E92008281D1 /* PBXContainerItemProxy */ = {
			isa = PBXContainerItemProxy;
			containerPortal = 860C39B822460E8F008281D1 /* Project object */;
			proxyType = 1;
			remoteGlobalIDString = 860C39BF22460E8F008281D1;
			remoteInfo = movietracker;
		};
		860C39E322460E92008281D1 /* PBXContainerItemProxy */ = {
			isa = PBXContainerItemProxy;
			containerPortal = 860C39B822460E8F008281D1 /* Project object */;
			proxyType = 1;
			remoteGlobalIDString = 860C39BF22460E8F008281D1;
			remoteInfo = movietracker;
		};
/* End PBXContainerItemProxy section */

/* Begin PBXFileReference section */
		05825FDF224830E3057000DC /* Pods_movietrackerTests.framework */ = {isa = PBXFileReference; explicitFileType = wrapper.framework; includeInIndex = 0; path = Pods_movietrackerTests.framework; sourceTree = BUILT_PRODUCTS_DIR; };
		162A7B1FE5238B4FCA0C21F2 /* Pods_movietracker.framework */ = {isa = PBXFileReference; explicitFileType = wrapper.framework; includeInIndex = 0; path = Pods_movietracker.framework; sourceTree = BUILT_PRODUCTS_DIR; };
		1BF7939EB9E7DC9B21179C14 /* Pods-movietracker.release.xcconfig */ = {isa = PBXFileReference; includeInIndex = 1; lastKnownFileType = text.xcconfig; name = "Pods-movietracker.release.xcconfig"; path = "Target Support Files/Pods-movietracker/Pods-movietracker.release.xcconfig"; sourceTree = "<group>"; };
		450444EA0D5F27D814DB6536 /* Pods_movietrackerUITests.framework */ = {isa = PBXFileReference; explicitFileType = wrapper.framework; includeInIndex = 0; path = Pods_movietrackerUITests.framework; sourceTree = BUILT_PRODUCTS_DIR; };
		860C39C022460E8F008281D1 /* movietracker.app */ = {isa = PBXFileReference; explicitFileType = wrapper.application; includeInIndex = 0; path = movietracker.app; sourceTree = BUILT_PRODUCTS_DIR; };
		860C39C322460E8F008281D1 /* AppDelegate.swift */ = {isa = PBXFileReference; lastKnownFileType = sourcecode.swift; path = AppDelegate.swift; sourceTree = "<group>"; };
		860C39C822460E8F008281D1 /* Base */ = {isa = PBXFileReference; lastKnownFileType = file.storyboard; name = Base; path = Base.lproj/Main.storyboard; sourceTree = "<group>"; };
		860C39CB22460E8F008281D1 /* movietracker.xcdatamodel */ = {isa = PBXFileReference; lastKnownFileType = wrapper.xcdatamodel; path = movietracker.xcdatamodel; sourceTree = "<group>"; };
		860C39CD22460E91008281D1 /* Assets.xcassets */ = {isa = PBXFileReference; lastKnownFileType = folder.assetcatalog; path = Assets.xcassets; sourceTree = "<group>"; };
		860C39D022460E91008281D1 /* Base */ = {isa = PBXFileReference; lastKnownFileType = file.storyboard; name = Base; path = Base.lproj/LaunchScreen.storyboard; sourceTree = "<group>"; };
		860C39D222460E91008281D1 /* Info.plist */ = {isa = PBXFileReference; lastKnownFileType = text.plist.xml; path = Info.plist; sourceTree = "<group>"; };
		860C39D722460E92008281D1 /* movietrackerTests.xctest */ = {isa = PBXFileReference; explicitFileType = wrapper.cfbundle; includeInIndex = 0; path = movietrackerTests.xctest; sourceTree = BUILT_PRODUCTS_DIR; };
		860C39DB22460E92008281D1 /* movietrackerTests.swift */ = {isa = PBXFileReference; lastKnownFileType = sourcecode.swift; path = movietrackerTests.swift; sourceTree = "<group>"; };
		860C39DD22460E92008281D1 /* Info.plist */ = {isa = PBXFileReference; lastKnownFileType = text.plist.xml; path = Info.plist; sourceTree = "<group>"; };
		860C39E222460E92008281D1 /* movietrackerUITests.xctest */ = {isa = PBXFileReference; explicitFileType = wrapper.cfbundle; includeInIndex = 0; path = movietrackerUITests.xctest; sourceTree = BUILT_PRODUCTS_DIR; };
		860C39E622460E92008281D1 /* movietrackerUITests.swift */ = {isa = PBXFileReference; lastKnownFileType = sourcecode.swift; path = movietrackerUITests.swift; sourceTree = "<group>"; };
		860C39E822460E92008281D1 /* Info.plist */ = {isa = PBXFileReference; lastKnownFileType = text.plist.xml; path = Info.plist; sourceTree = "<group>"; };
		863F2EC022494DEA00B2F29A /* ApiThemoviedbResponses.swift */ = {isa = PBXFileReference; lastKnownFileType = sourcecode.swift; path = ApiThemoviedbResponses.swift; sourceTree = "<group>"; };
		863F2EC22249535D00B2F29A /* Movie.swift */ = {isa = PBXFileReference; lastKnownFileType = sourcecode.swift; path = Movie.swift; sourceTree = "<group>"; };
		863F2EC4224953C800B2F29A /* Genre.swift */ = {isa = PBXFileReference; lastKnownFileType = sourcecode.swift; path = Genre.swift; sourceTree = "<group>"; };
		8646F61B2258C85B00C9D981 /* ApplicationCoordinator.swift */ = {isa = PBXFileReference; lastKnownFileType = sourcecode.swift; path = ApplicationCoordinator.swift; sourceTree = "<group>"; };
		864BBF9D226246DA00F54348 /* forAppStore */ = {isa = PBXFileReference; lastKnownFileType = folder; path = forAppStore; sourceTree = "<group>"; };
		865B670F2247CF92002ECD99 /* DebugPrint.swift */ = {isa = PBXFileReference; lastKnownFileType = sourcecode.swift; path = DebugPrint.swift; sourceTree = "<group>"; };
		865B67112247E68B002ECD99 /* HTTPClient.swift */ = {isa = PBXFileReference; lastKnownFileType = sourcecode.swift; path = HTTPClient.swift; sourceTree = "<group>"; };
		86789C482250920200FAC27F /* Secret.swift */ = {isa = PBXFileReference; lastKnownFileType = sourcecode.swift; path = Secret.swift; sourceTree = "<group>"; };
		86789C4A22509A0E00FAC27F /* TVShow.swift */ = {isa = PBXFileReference; lastKnownFileType = sourcecode.swift; path = TVShow.swift; sourceTree = "<group>"; };
		86789C4C2250ECB200FAC27F /* FeaturedCoordinatable.swift */ = {isa = PBXFileReference; lastKnownFileType = sourcecode.swift; path = FeaturedCoordinatable.swift; sourceTree = "<group>"; };
		86789C4E2250EF8C00FAC27F /* FeaturedCoordinator.swift */ = {isa = PBXFileReference; lastKnownFileType = sourcecode.swift; path = FeaturedCoordinator.swift; sourceTree = "<group>"; };
		86789C502250F66300FAC27F /* Coordinatable.swift */ = {isa = PBXFileReference; lastKnownFileType = sourcecode.swift; path = Coordinatable.swift; sourceTree = "<group>"; };
		867F63E222478C2C00D2524D /* LoginViewController.swift */ = {isa = PBXFileReference; lastKnownFileType = sourcecode.swift; path = LoginViewController.swift; sourceTree = "<group>"; };
		867F63E52247901800D2524D /* FeaturedViewController.swift */ = {isa = PBXFileReference; lastKnownFileType = sourcecode.swift; path = FeaturedViewController.swift; sourceTree = "<group>"; };
		867F63E72247923400D2524D /* App.swift */ = {isa = PBXFileReference; lastKnownFileType = sourcecode.swift; path = App.swift; sourceTree = "<group>"; };
		867F63E9224793E000D2524D /* UIStoryboard+ViewControllers.swift */ = {isa = PBXFileReference; lastKnownFileType = sourcecode.swift; path = "UIStoryboard+ViewControllers.swift"; sourceTree = "<group>"; };
		867F63EC2247A94E00D2524D /* HTTPClientService.swift */ = {isa = PBXFileReference; lastKnownFileType = sourcecode.swift; path = HTTPClientService.swift; sourceTree = "<group>"; };
		868027C12253D7D200E289CE /* ItemDetailTipsView.swift */ = {isa = PBXFileReference; lastKnownFileType = sourcecode.swift; path = ItemDetailTipsView.swift; sourceTree = "<group>"; };
		868027C22253D7D200E289CE /* ItemDetailTipsView.xib */ = {isa = PBXFileReference; lastKnownFileType = file.xib; path = ItemDetailTipsView.xib; sourceTree = "<group>"; };
		868027C52253D96100E289CE /* GradientImageView.swift */ = {isa = PBXFileReference; lastKnownFileType = sourcecode.swift; path = GradientImageView.swift; sourceTree = "<group>"; };
		868027C72253D9A000E289CE /* ItemDetailViewModel.swift */ = {isa = PBXFileReference; lastKnownFileType = sourcecode.swift; path = ItemDetailViewModel.swift; sourceTree = "<group>"; };
		868027C92253DE4000E289CE /* ItemDetailData.swift */ = {isa = PBXFileReference; lastKnownFileType = sourcecode.swift; path = ItemDetailData.swift; sourceTree = "<group>"; };
		868027CB2253E0C500E289CE /* ItemDetailCoordinatable.swift */ = {isa = PBXFileReference; lastKnownFileType = sourcecode.swift; path = ItemDetailCoordinatable.swift; sourceTree = "<group>"; };
		86837B0D225540F1007B057F /* scripts */ = {isa = PBXFileReference; lastKnownFileType = folder; path = scripts; sourceTree = "<group>"; };
		86842B3B224E93600060B7EE /* ViewModelType.swift */ = {isa = PBXFileReference; lastKnownFileType = sourcecode.swift; path = ViewModelType.swift; sourceTree = "<group>"; };
		86842B3D224E94240060B7EE /* CarouselViewModel.swift */ = {isa = PBXFileReference; lastKnownFileType = sourcecode.swift; path = CarouselViewModel.swift; sourceTree = "<group>"; };
		86842B3F224E95120060B7EE /* CarouselItemViewModel.swift */ = {isa = PBXFileReference; lastKnownFileType = sourcecode.swift; path = CarouselItemViewModel.swift; sourceTree = "<group>"; };
		86842B41224E965C0060B7EE /* ActivityIndicator.swift */ = {isa = PBXFileReference; lastKnownFileType = sourcecode.swift; path = ActivityIndicator.swift; sourceTree = "<group>"; };
		869835C9225F2043003333D5 /* TVShowDetailCoordinator.swift */ = {isa = PBXFileReference; lastKnownFileType = sourcecode.swift; path = TVShowDetailCoordinator.swift; sourceTree = "<group>"; };
		869B8C76224F3A2200417E3E /* UIViewController+Rx.swift */ = {isa = PBXFileReference; lastKnownFileType = sourcecode.swift; path = "UIViewController+Rx.swift"; sourceTree = "<group>"; };
		869B8C78224F3B3600417E3E /* FeaturedViewModel.swift */ = {isa = PBXFileReference; lastKnownFileType = sourcecode.swift; path = FeaturedViewModel.swift; sourceTree = "<group>"; };
		869B8C7A224F3C8500417E3E /* CarouselSectionTableViewCell.swift */ = {isa = PBXFileReference; lastKnownFileType = sourcecode.swift; path = CarouselSectionTableViewCell.swift; sourceTree = "<group>"; };
		869B8C7B224F3C8500417E3E /* CarouselSectionTableViewCell.xib */ = {isa = PBXFileReference; lastKnownFileType = file.xib; path = CarouselSectionTableViewCell.xib; sourceTree = "<group>"; };
		869B8C7E224F41B900417E3E /* FeaturedMainView.swift */ = {isa = PBXFileReference; lastKnownFileType = sourcecode.swift; path = FeaturedMainView.swift; sourceTree = "<group>"; };
		869B8C7F224F41B900417E3E /* FeaturedMainView.xib */ = {isa = PBXFileReference; lastKnownFileType = file.xib; path = FeaturedMainView.xib; sourceTree = "<group>"; };
		869EE953224BF012003B6747 /* ApiThemoviedbAuthProvider.swift */ = {isa = PBXFileReference; lastKnownFileType = sourcecode.swift; path = ApiThemoviedbAuthProvider.swift; sourceTree = "<group>"; };
		869EE955224BF0DB003B6747 /* ApiThemoviedbService.swift */ = {isa = PBXFileReference; lastKnownFileType = sourcecode.swift; path = ApiThemoviedbService.swift; sourceTree = "<group>"; };
		869EE957224BF22A003B6747 /* Constants.swift */ = {isa = PBXFileReference; lastKnownFileType = sourcecode.swift; path = Constants.swift; sourceTree = "<group>"; };
		869EE959224BF624003B6747 /* ApiThemoviedb.swift */ = {isa = PBXFileReference; lastKnownFileType = sourcecode.swift; path = ApiThemoviedb.swift; sourceTree = "<group>"; };
		86A32BF422586BF100D75D81 /* MovieDetailCoordinator.swift */ = {isa = PBXFileReference; lastKnownFileType = sourcecode.swift; path = MovieDetailCoordinator.swift; sourceTree = "<group>"; };
		86AD8F0F2259E94B002F3674 /* ApiThemoviedbTVShowsProvider.swift */ = {isa = PBXFileReference; lastKnownFileType = sourcecode.swift; path = ApiThemoviedbTVShowsProvider.swift; sourceTree = "<group>"; };
		86AD8F11225A160C002F3674 /* ExampleCoordinator.swift */ = {isa = PBXFileReference; lastKnownFileType = sourcecode.swift; path = ExampleCoordinator.swift; sourceTree = "<group>"; };
		86BC9D3A224A9F2100E6A943 /* ApiThemoviedbMoviesProvider.swift */ = {isa = PBXFileReference; lastKnownFileType = sourcecode.swift; path = ApiThemoviedbMoviesProvider.swift; sourceTree = "<group>"; };
		86E3EE6922528A2400177C22 /* ItemDetailViewController.swift */ = {isa = PBXFileReference; lastKnownFileType = sourcecode.swift; path = ItemDetailViewController.swift; sourceTree = "<group>"; };
		86E3EE6C22528C8800177C22 /* ItemDetailHeaderView.swift */ = {isa = PBXFileReference; lastKnownFileType = sourcecode.swift; path = ItemDetailHeaderView.swift; sourceTree = "<group>"; };
		86E3EE6D22528C8800177C22 /* ItemDetailHeaderView.xib */ = {isa = PBXFileReference; lastKnownFileType = file.xib; path = ItemDetailHeaderView.xib; sourceTree = "<group>"; };
		86FDC5E1224D453F006D0EDF /* MovieCollectionViewCell.swift */ = {isa = PBXFileReference; lastKnownFileType = sourcecode.swift; path = MovieCollectionViewCell.swift; sourceTree = "<group>"; };
		86FDC5E2224D453F006D0EDF /* MovieCollectionViewCell.xib */ = {isa = PBXFileReference; lastKnownFileType = file.xib; path = MovieCollectionViewCell.xib; sourceTree = "<group>"; };
		C002FB17EFE35201C3F06C1A /* Pods-movietrackerTests.debug.xcconfig */ = {isa = PBXFileReference; includeInIndex = 1; lastKnownFileType = text.xcconfig; name = "Pods-movietrackerTests.debug.xcconfig"; path = "Target Support Files/Pods-movietrackerTests/Pods-movietrackerTests.debug.xcconfig"; sourceTree = "<group>"; };
		D0B4746B1B7D197F87073976 /* Pods-movietrackerUITests.debug.xcconfig */ = {isa = PBXFileReference; includeInIndex = 1; lastKnownFileType = text.xcconfig; name = "Pods-movietrackerUITests.debug.xcconfig"; path = "Target Support Files/Pods-movietrackerUITests/Pods-movietrackerUITests.debug.xcconfig"; sourceTree = "<group>"; };
		EC4C01573F41F46C90762BF2 /* Pods-movietrackerTests.release.xcconfig */ = {isa = PBXFileReference; includeInIndex = 1; lastKnownFileType = text.xcconfig; name = "Pods-movietrackerTests.release.xcconfig"; path = "Target Support Files/Pods-movietrackerTests/Pods-movietrackerTests.release.xcconfig"; sourceTree = "<group>"; };
		ED157B5905CA06A604FF27DF /* Pods-movietracker.debug.xcconfig */ = {isa = PBXFileReference; includeInIndex = 1; lastKnownFileType = text.xcconfig; name = "Pods-movietracker.debug.xcconfig"; path = "Target Support Files/Pods-movietracker/Pods-movietracker.debug.xcconfig"; sourceTree = "<group>"; };
		F9CCB1FE66327DFEB247E0D1 /* Pods-movietrackerUITests.release.xcconfig */ = {isa = PBXFileReference; includeInIndex = 1; lastKnownFileType = text.xcconfig; name = "Pods-movietrackerUITests.release.xcconfig"; path = "Target Support Files/Pods-movietrackerUITests/Pods-movietrackerUITests.release.xcconfig"; sourceTree = "<group>"; };
/* End PBXFileReference section */

/* Begin PBXFrameworksBuildPhase section */
		860C39BD22460E8F008281D1 /* Frameworks */ = {
			isa = PBXFrameworksBuildPhase;
			buildActionMask = 2147483647;
			files = (
				AFB9C746460337F446FD8C9F /* Pods_movietracker.framework in Frameworks */,
			);
			runOnlyForDeploymentPostprocessing = 0;
		};
		860C39D422460E92008281D1 /* Frameworks */ = {
			isa = PBXFrameworksBuildPhase;
			buildActionMask = 2147483647;
			files = (
				DEC1A52691C2EA5414C5D4C7 /* Pods_movietrackerTests.framework in Frameworks */,
			);
			runOnlyForDeploymentPostprocessing = 0;
		};
		860C39DF22460E92008281D1 /* Frameworks */ = {
			isa = PBXFrameworksBuildPhase;
			buildActionMask = 2147483647;
			files = (
				87160058027C34871D8D58DD /* Pods_movietrackerUITests.framework in Frameworks */,
			);
			runOnlyForDeploymentPostprocessing = 0;
		};
/* End PBXFrameworksBuildPhase section */

/* Begin PBXGroup section */
		860C39B722460E8F008281D1 = {
			isa = PBXGroup;
			children = (
				860C39C222460E8F008281D1 /* movietracker */,
				860C39DA22460E92008281D1 /* movietrackerTests */,
				860C39E522460E92008281D1 /* movietrackerUITests */,
				860C39C122460E8F008281D1 /* Products */,
				8EA027706CE9235EC3FC28F9 /* Pods */,
				BC914FA220ACE73CB421B55A /* Frameworks */,
			);
			sourceTree = "<group>";
		};
		860C39C122460E8F008281D1 /* Products */ = {
			isa = PBXGroup;
			children = (
				860C39C022460E8F008281D1 /* movietracker.app */,
				860C39D722460E92008281D1 /* movietrackerTests.xctest */,
				860C39E222460E92008281D1 /* movietrackerUITests.xctest */,
			);
			name = Products;
			sourceTree = "<group>";
		};
		860C39C222460E8F008281D1 /* movietracker */ = {
			isa = PBXGroup;
			children = (
				867F63DB224783DD00D2524D /* Assembly */,
				867F63DE2247853B00D2524D /* Models */,
				865B67132247E6CA002ECD99 /* Protocols */,
				867F63E02247855D00D2524D /* Services */,
				867F63DF2247854300D2524D /* Resources */,
				867F63E12247859C00D2524D /* Scenes */,
				867F63DA224783C800D2524D /* Supporting Files */,
				860C39D222460E91008281D1 /* Info.plist */,
			);
			path = movietracker;
			sourceTree = "<group>";
		};
		860C39DA22460E92008281D1 /* movietrackerTests */ = {
			isa = PBXGroup;
			children = (
				860C39DB22460E92008281D1 /* movietrackerTests.swift */,
				860C39DD22460E92008281D1 /* Info.plist */,
			);
			path = movietrackerTests;
			sourceTree = "<group>";
		};
		860C39E522460E92008281D1 /* movietrackerUITests */ = {
			isa = PBXGroup;
			children = (
				860C39E622460E92008281D1 /* movietrackerUITests.swift */,
				860C39E822460E92008281D1 /* Info.plist */,
			);
			path = movietrackerUITests;
			sourceTree = "<group>";
		};
		865B670E2247CF29002ECD99 /* Utils */ = {
			isa = PBXGroup;
			children = (
				86AD8F11225A160C002F3674 /* ExampleCoordinator.swift */,
				865B670F2247CF92002ECD99 /* DebugPrint.swift */,
				86842B41224E965C0060B7EE /* ActivityIndicator.swift */,
			);
			path = Utils;
			sourceTree = "<group>";
		};
		865B67132247E6CA002ECD99 /* Protocols */ = {
			isa = PBXGroup;
			children = (
				867F63EC2247A94E00D2524D /* HTTPClientService.swift */,
				86789C4C2250ECB200FAC27F /* FeaturedCoordinatable.swift */,
				868027CB2253E0C500E289CE /* ItemDetailCoordinatable.swift */,
				86789C502250F66300FAC27F /* Coordinatable.swift */,
				869EE955224BF0DB003B6747 /* ApiThemoviedbService.swift */,
				86AD8F0F2259E94B002F3674 /* ApiThemoviedbTVShowsProvider.swift */,
				869EE953224BF012003B6747 /* ApiThemoviedbAuthProvider.swift */,
				86BC9D3A224A9F2100E6A943 /* ApiThemoviedbMoviesProvider.swift */,
				86842B3B224E93600060B7EE /* ViewModelType.swift */,
			);
			path = Protocols;
			sourceTree = "<group>";
		};
		867F63DA224783C800D2524D /* Supporting Files */ = {
			isa = PBXGroup;
			children = (
				86837B0D225540F1007B057F /* scripts */,
				867F63DC2247845100D2524D /* Extensions */,
				865B670E2247CF29002ECD99 /* Utils */,
			);
			path = "Supporting Files";
			sourceTree = "<group>";
		};
		867F63DB224783DD00D2524D /* Assembly */ = {
			isa = PBXGroup;
			children = (
				860C39C322460E8F008281D1 /* AppDelegate.swift */,
				867F63E72247923400D2524D /* App.swift */,
				8646F61B2258C85B00C9D981 /* ApplicationCoordinator.swift */,
				869EE957224BF22A003B6747 /* Constants.swift */,
				86789C482250920200FAC27F /* Secret.swift */,
			);
			path = Assembly;
			sourceTree = "<group>";
		};
		867F63DC2247845100D2524D /* Extensions */ = {
			isa = PBXGroup;
			children = (
				867F63E9224793E000D2524D /* UIStoryboard+ViewControllers.swift */,
				869B8C76224F3A2200417E3E /* UIViewController+Rx.swift */,
			);
			path = Extensions;
			sourceTree = "<group>";
		};
		867F63DE2247853B00D2524D /* Models */ = {
			isa = PBXGroup;
			children = (
				860C39CA22460E8F008281D1 /* movietracker.xcdatamodeld */,
				863F2EC22249535D00B2F29A /* Movie.swift */,
				868027C92253DE4000E289CE /* ItemDetailData.swift */,
				86789C4A22509A0E00FAC27F /* TVShow.swift */,
				863F2EC4224953C800B2F29A /* Genre.swift */,
			);
			path = Models;
			sourceTree = "<group>";
		};
		867F63DF2247854300D2524D /* Resources */ = {
			isa = PBXGroup;
			children = (
				864BBF9D226246DA00F54348 /* forAppStore */,
				860C39CD22460E91008281D1 /* Assets.xcassets */,
			);
			path = Resources;
			sourceTree = "<group>";
		};
		867F63E02247855D00D2524D /* Services */ = {
			isa = PBXGroup;
			children = (
				865B67112247E68B002ECD99 /* HTTPClient.swift */,
				869EE959224BF624003B6747 /* ApiThemoviedb.swift */,
				863F2EC022494DEA00B2F29A /* ApiThemoviedbResponses.swift */,
			);
			path = Services;
			sourceTree = "<group>";
		};
		867F63E12247859C00D2524D /* Scenes */ = {
			isa = PBXGroup;
			children = (
				867F63EB2247996C00D2524D /* Featured */,
				867F63E422478C9200D2524D /* Login */,
				860C39CF22460E91008281D1 /* LaunchScreen.storyboard */,
				860C39C722460E8F008281D1 /* Main.storyboard */,
				86FDC5E5224D4543006D0EDF /* Reusable Views */,
				86E3EE6B22528A4900177C22 /* ItemDetail */,
			);
			path = Scenes;
			sourceTree = "<group>";
		};
		867F63E422478C9200D2524D /* Login */ = {
			isa = PBXGroup;
			children = (
				867F63E222478C2C00D2524D /* LoginViewController.swift */,
			);
			path = Login;
			sourceTree = "<group>";
		};
		867F63EB2247996C00D2524D /* Featured */ = {
			isa = PBXGroup;
			children = (
				867F63E52247901800D2524D /* FeaturedViewController.swift */,
				86789C4E2250EF8C00FAC27F /* FeaturedCoordinator.swift */,
				869B8C78224F3B3600417E3E /* FeaturedViewModel.swift */,
				869B8C7A224F3C8500417E3E /* CarouselSectionTableViewCell.swift */,
				869B8C7B224F3C8500417E3E /* CarouselSectionTableViewCell.xib */,
				869B8C7E224F41B900417E3E /* FeaturedMainView.swift */,
				869B8C7F224F41B900417E3E /* FeaturedMainView.xib */,
			);
			path = Featured;
			sourceTree = "<group>";
		};
		86E3EE6B22528A4900177C22 /* ItemDetail */ = {
			isa = PBXGroup;
			children = (
				86E3EE6922528A2400177C22 /* ItemDetailViewController.swift */,
				86A32BF422586BF100D75D81 /* MovieDetailCoordinator.swift */,
				869835C9225F2043003333D5 /* TVShowDetailCoordinator.swift */,
				868027C72253D9A000E289CE /* ItemDetailViewModel.swift */,
			);
			path = ItemDetail;
			sourceTree = "<group>";
		};
		86FDC5E5224D4543006D0EDF /* Reusable Views */ = {
			isa = PBXGroup;
			children = (
				86FDC5E1224D453F006D0EDF /* MovieCollectionViewCell.swift */,
				86FDC5E2224D453F006D0EDF /* MovieCollectionViewCell.xib */,
				86842B3D224E94240060B7EE /* CarouselViewModel.swift */,
				868027C52253D96100E289CE /* GradientImageView.swift */,
				868027C12253D7D200E289CE /* ItemDetailTipsView.swift */,
				868027C22253D7D200E289CE /* ItemDetailTipsView.xib */,
				86E3EE6C22528C8800177C22 /* ItemDetailHeaderView.swift */,
				86E3EE6D22528C8800177C22 /* ItemDetailHeaderView.xib */,
				86842B3F224E95120060B7EE /* CarouselItemViewModel.swift */,
			);
			path = "Reusable Views";
			sourceTree = "<group>";
		};
		8EA027706CE9235EC3FC28F9 /* Pods */ = {
			isa = PBXGroup;
			children = (
				ED157B5905CA06A604FF27DF /* Pods-movietracker.debug.xcconfig */,
				1BF7939EB9E7DC9B21179C14 /* Pods-movietracker.release.xcconfig */,
				C002FB17EFE35201C3F06C1A /* Pods-movietrackerTests.debug.xcconfig */,
				EC4C01573F41F46C90762BF2 /* Pods-movietrackerTests.release.xcconfig */,
				D0B4746B1B7D197F87073976 /* Pods-movietrackerUITests.debug.xcconfig */,
				F9CCB1FE66327DFEB247E0D1 /* Pods-movietrackerUITests.release.xcconfig */,
			);
			path = Pods;
			sourceTree = "<group>";
		};
		BC914FA220ACE73CB421B55A /* Frameworks */ = {
			isa = PBXGroup;
			children = (
				162A7B1FE5238B4FCA0C21F2 /* Pods_movietracker.framework */,
				05825FDF224830E3057000DC /* Pods_movietrackerTests.framework */,
				450444EA0D5F27D814DB6536 /* Pods_movietrackerUITests.framework */,
			);
			name = Frameworks;
			sourceTree = "<group>";
		};
/* End PBXGroup section */

/* Begin PBXNativeTarget section */
		860C39BF22460E8F008281D1 /* movietracker */ = {
			isa = PBXNativeTarget;
			buildConfigurationList = 860C39EB22460E92008281D1 /* Build configuration list for PBXNativeTarget "movietracker" */;
			buildPhases = (
				B9B9BABAF17C63D96A2B0618 /* [CP] Check Pods Manifest.lock */,
				829A1CCFFF1FD490847CDC79 /* [CP-User] Swift Lint Check */,
				6888007B9489B153B892DD69 /* [CP-User] Decrypt Secret constants */,
				860C39BC22460E8F008281D1 /* Sources */,
				860C39BD22460E8F008281D1 /* Frameworks */,
				860C39BE22460E8F008281D1 /* Resources */,
				B445493F555B70575AFB125B /* [CP] Embed Pods Frameworks */,
			);
			buildRules = (
			);
			dependencies = (
			);
			name = movietracker;
			productName = movietracker;
			productReference = 860C39C022460E8F008281D1 /* movietracker.app */;
			productType = "com.apple.product-type.application";
		};
		860C39D622460E92008281D1 /* movietrackerTests */ = {
			isa = PBXNativeTarget;
			buildConfigurationList = 860C39EE22460E92008281D1 /* Build configuration list for PBXNativeTarget "movietrackerTests" */;
			buildPhases = (
				C006A15D5CE8FAF44DECD17B /* [CP] Check Pods Manifest.lock */,
				860C39D322460E92008281D1 /* Sources */,
				860C39D422460E92008281D1 /* Frameworks */,
				860C39D522460E92008281D1 /* Resources */,
			);
			buildRules = (
			);
			dependencies = (
				860C39D922460E92008281D1 /* PBXTargetDependency */,
			);
			name = movietrackerTests;
			productName = movietrackerTests;
			productReference = 860C39D722460E92008281D1 /* movietrackerTests.xctest */;
			productType = "com.apple.product-type.bundle.unit-test";
		};
		860C39E122460E92008281D1 /* movietrackerUITests */ = {
			isa = PBXNativeTarget;
			buildConfigurationList = 860C39F122460E92008281D1 /* Build configuration list for PBXNativeTarget "movietrackerUITests" */;
			buildPhases = (
				6018F7548E959F789ED2FB63 /* [CP] Check Pods Manifest.lock */,
				860C39DE22460E92008281D1 /* Sources */,
				860C39DF22460E92008281D1 /* Frameworks */,
				860C39E022460E92008281D1 /* Resources */,
			);
			buildRules = (
			);
			dependencies = (
				860C39E422460E92008281D1 /* PBXTargetDependency */,
			);
			name = movietrackerUITests;
			productName = movietrackerUITests;
			productReference = 860C39E222460E92008281D1 /* movietrackerUITests.xctest */;
			productType = "com.apple.product-type.bundle.ui-testing";
		};
/* End PBXNativeTarget section */

/* Begin PBXProject section */
		860C39B822460E8F008281D1 /* Project object */ = {
			isa = PBXProject;
			attributes = {
				LastSwiftUpdateCheck = 1010;
				LastUpgradeCheck = 1010;
				ORGANIZATIONNAME = "Sergey Vasilevkin";
				TargetAttributes = {
					860C39BF22460E8F008281D1 = {
						CreatedOnToolsVersion = 10.1;
						LastSwiftMigration = 1020;
					};
					860C39D622460E92008281D1 = {
						CreatedOnToolsVersion = 10.1;
						LastSwiftMigration = 1020;
						TestTargetID = 860C39BF22460E8F008281D1;
					};
					860C39E122460E92008281D1 = {
						CreatedOnToolsVersion = 10.1;
						LastSwiftMigration = 1020;
						TestTargetID = 860C39BF22460E8F008281D1;
					};
				};
			};
			buildConfigurationList = 860C39BB22460E8F008281D1 /* Build configuration list for PBXProject "movietracker" */;
			compatibilityVersion = "Xcode 9.3";
			developmentRegion = en;
			hasScannedForEncodings = 0;
			knownRegions = (
				en,
				Base,
			);
			mainGroup = 860C39B722460E8F008281D1;
			productRefGroup = 860C39C122460E8F008281D1 /* Products */;
			projectDirPath = "";
			projectRoot = "";
			targets = (
				860C39BF22460E8F008281D1 /* movietracker */,
				860C39D622460E92008281D1 /* movietrackerTests */,
				860C39E122460E92008281D1 /* movietrackerUITests */,
			);
		};
/* End PBXProject section */

/* Begin PBXResourcesBuildPhase section */
		860C39BE22460E8F008281D1 /* Resources */ = {
			isa = PBXResourcesBuildPhase;
			buildActionMask = 2147483647;
			files = (
				869B8C7D224F3C8500417E3E /* CarouselSectionTableViewCell.xib in Resources */,
				860C39D122460E91008281D1 /* LaunchScreen.storyboard in Resources */,
				860C39CE22460E91008281D1 /* Assets.xcassets in Resources */,
				86837B0E225540F1007B057F /* scripts in Resources */,
				864BBF9E226246DB00F54348 /* forAppStore in Resources */,
				869B8C81224F41B900417E3E /* FeaturedMainView.xib in Resources */,
				860C39C922460E8F008281D1 /* Main.storyboard in Resources */,
				86E3EE6F22528C8800177C22 /* ItemDetailHeaderView.xib in Resources */,
				868027C42253D7D200E289CE /* ItemDetailTipsView.xib in Resources */,
				86FDC5E4224D453F006D0EDF /* MovieCollectionViewCell.xib in Resources */,
			);
			runOnlyForDeploymentPostprocessing = 0;
		};
		860C39D522460E92008281D1 /* Resources */ = {
			isa = PBXResourcesBuildPhase;
			buildActionMask = 2147483647;
			files = (
			);
			runOnlyForDeploymentPostprocessing = 0;
		};
		860C39E022460E92008281D1 /* Resources */ = {
			isa = PBXResourcesBuildPhase;
			buildActionMask = 2147483647;
			files = (
			);
			runOnlyForDeploymentPostprocessing = 0;
		};
/* End PBXResourcesBuildPhase section */

/* Begin PBXShellScriptBuildPhase section */
		6018F7548E959F789ED2FB63 /* [CP] Check Pods Manifest.lock */ = {
			isa = PBXShellScriptBuildPhase;
			buildActionMask = 2147483647;
			files = (
			);
			inputFileListPaths = (
			);
			inputPaths = (
				"${PODS_PODFILE_DIR_PATH}/Podfile.lock",
				"${PODS_ROOT}/Manifest.lock",
			);
			name = "[CP] Check Pods Manifest.lock";
			outputFileListPaths = (
			);
			outputPaths = (
				"$(DERIVED_FILE_DIR)/Pods-movietrackerUITests-checkManifestLockResult.txt",
			);
			runOnlyForDeploymentPostprocessing = 0;
			shellPath = /bin/sh;
			shellScript = "diff \"${PODS_PODFILE_DIR_PATH}/Podfile.lock\" \"${PODS_ROOT}/Manifest.lock\" > /dev/null\nif [ $? != 0 ] ; then\n    # print error to STDERR\n    echo \"error: The sandbox is not in sync with the Podfile.lock. Run 'pod install' or update your CocoaPods installation.\" >&2\n    exit 1\nfi\n# This output is used by Xcode 'outputs' to avoid re-running this script phase.\necho \"SUCCESS\" > \"${SCRIPT_OUTPUT_FILE_0}\"\n";
			showEnvVarsInLog = 0;
		};
		6888007B9489B153B892DD69 /* [CP-User] Decrypt Secret constants */ = {
			isa = PBXShellScriptBuildPhase;
			buildActionMask = 2147483647;
			files = (
			);
			inputFileListPaths = (
			);
			inputPaths = (
			);
			name = "[CP-User] Decrypt Secret constants";
			outputFileListPaths = (
			);
			outputPaths = (
			);
			runOnlyForDeploymentPostprocessing = 0;
			shellPath = /bin/sh;
			shellScript = "#check if we run debug build\n  if [ \"${CONFIGURATION}\" = \"Debug\" ]; then\n    echo \"============================= debug build =============================\"\n    #check if secret.sh exists\n    if [ -f \"$SRCROOT/movietracker/Supporting Files/scripts/secret.sh\" ]; then\n      echo \"============================= Decrypt secret keys =============================\"\n      \"$SRCROOT/movietracker/Supporting Files/scripts/secret.sh\"\n    fi\n  fi";
			showEnvVarsInLog = 0;
		};
		829A1CCFFF1FD490847CDC79 /* [CP-User] Swift Lint Check */ = {
			isa = PBXShellScriptBuildPhase;
			buildActionMask = 2147483647;
			files = (
			);
			inputFileListPaths = (
			);
			inputPaths = (
			);
			name = "[CP-User] Swift Lint Check";
			outputFileListPaths = (
			);
			outputPaths = (
			);
			runOnlyForDeploymentPostprocessing = 0;
			shellPath = /bin/sh;
			shellScript = "\"${PODS_ROOT}/SwiftLint/swiftlint\"";
			showEnvVarsInLog = 0;
		};
		B445493F555B70575AFB125B /* [CP] Embed Pods Frameworks */ = {
			isa = PBXShellScriptBuildPhase;
			buildActionMask = 2147483647;
			files = (
			);
			inputFileListPaths = (
			);
			inputPaths = (
				"${PODS_ROOT}/Target Support Files/Pods-movietracker/Pods-movietracker-frameworks.sh",
				"${BUILT_PRODUCTS_DIR}/Nuke/Nuke.framework",
				"${BUILT_PRODUCTS_DIR}/RxCocoa/RxCocoa.framework",
				"${BUILT_PRODUCTS_DIR}/RxSwift/RxSwift.framework",
			);
			name = "[CP] Embed Pods Frameworks";
			outputFileListPaths = (
			);
			outputPaths = (
				"${TARGET_BUILD_DIR}/${FRAMEWORKS_FOLDER_PATH}/Nuke.framework",
				"${TARGET_BUILD_DIR}/${FRAMEWORKS_FOLDER_PATH}/RxCocoa.framework",
				"${TARGET_BUILD_DIR}/${FRAMEWORKS_FOLDER_PATH}/RxSwift.framework",
			);
			runOnlyForDeploymentPostprocessing = 0;
			shellPath = /bin/sh;
			shellScript = "\"${PODS_ROOT}/Target Support Files/Pods-movietracker/Pods-movietracker-frameworks.sh\"\n";
			showEnvVarsInLog = 0;
		};
		B9B9BABAF17C63D96A2B0618 /* [CP] Check Pods Manifest.lock */ = {
			isa = PBXShellScriptBuildPhase;
			buildActionMask = 2147483647;
			files = (
			);
			inputFileListPaths = (
			);
			inputPaths = (
				"${PODS_PODFILE_DIR_PATH}/Podfile.lock",
				"${PODS_ROOT}/Manifest.lock",
			);
			name = "[CP] Check Pods Manifest.lock";
			outputFileListPaths = (
			);
			outputPaths = (
				"$(DERIVED_FILE_DIR)/Pods-movietracker-checkManifestLockResult.txt",
			);
			runOnlyForDeploymentPostprocessing = 0;
			shellPath = /bin/sh;
			shellScript = "diff \"${PODS_PODFILE_DIR_PATH}/Podfile.lock\" \"${PODS_ROOT}/Manifest.lock\" > /dev/null\nif [ $? != 0 ] ; then\n    # print error to STDERR\n    echo \"error: The sandbox is not in sync with the Podfile.lock. Run 'pod install' or update your CocoaPods installation.\" >&2\n    exit 1\nfi\n# This output is used by Xcode 'outputs' to avoid re-running this script phase.\necho \"SUCCESS\" > \"${SCRIPT_OUTPUT_FILE_0}\"\n";
			showEnvVarsInLog = 0;
		};
		C006A15D5CE8FAF44DECD17B /* [CP] Check Pods Manifest.lock */ = {
			isa = PBXShellScriptBuildPhase;
			buildActionMask = 2147483647;
			files = (
			);
			inputFileListPaths = (
			);
			inputPaths = (
				"${PODS_PODFILE_DIR_PATH}/Podfile.lock",
				"${PODS_ROOT}/Manifest.lock",
			);
			name = "[CP] Check Pods Manifest.lock";
			outputFileListPaths = (
			);
			outputPaths = (
				"$(DERIVED_FILE_DIR)/Pods-movietrackerTests-checkManifestLockResult.txt",
			);
			runOnlyForDeploymentPostprocessing = 0;
			shellPath = /bin/sh;
			shellScript = "diff \"${PODS_PODFILE_DIR_PATH}/Podfile.lock\" \"${PODS_ROOT}/Manifest.lock\" > /dev/null\nif [ $? != 0 ] ; then\n    # print error to STDERR\n    echo \"error: The sandbox is not in sync with the Podfile.lock. Run 'pod install' or update your CocoaPods installation.\" >&2\n    exit 1\nfi\n# This output is used by Xcode 'outputs' to avoid re-running this script phase.\necho \"SUCCESS\" > \"${SCRIPT_OUTPUT_FILE_0}\"\n";
			showEnvVarsInLog = 0;
		};
/* End PBXShellScriptBuildPhase section */

/* Begin PBXSourcesBuildPhase section */
		860C39BC22460E8F008281D1 /* Sources */ = {
			isa = PBXSourcesBuildPhase;
			buildActionMask = 2147483647;
			files = (
				869EE954224BF012003B6747 /* ApiThemoviedbAuthProvider.swift in Sources */,
				86BC9D3B224A9F2100E6A943 /* ApiThemoviedbMoviesProvider.swift in Sources */,
				867F63E322478C2C00D2524D /* LoginViewController.swift in Sources */,
				867F63EA224793E000D2524D /* UIStoryboard+ViewControllers.swift in Sources */,
				869EE956224BF0DB003B6747 /* ApiThemoviedbService.swift in Sources */,
				869B8C80224F41B900417E3E /* FeaturedMainView.swift in Sources */,
				860C39CC22460E8F008281D1 /* movietracker.xcdatamodeld in Sources */,
				868027CC2253E0C500E289CE /* ItemDetailCoordinatable.swift in Sources */,
				86789C512250F66300FAC27F /* Coordinatable.swift in Sources */,
				868027C82253D9A000E289CE /* ItemDetailViewModel.swift in Sources */,
				869B8C77224F3A2200417E3E /* UIViewController+Rx.swift in Sources */,
				86789C4F2250EF8C00FAC27F /* FeaturedCoordinator.swift in Sources */,
				863F2EC5224953C900B2F29A /* Genre.swift in Sources */,
				868027C62253D96100E289CE /* GradientImageView.swift in Sources */,
				869EE958224BF22A003B6747 /* Constants.swift in Sources */,
				8646F61C2258C85B00C9D981 /* ApplicationCoordinator.swift in Sources */,
				86E3EE6A22528A2400177C22 /* ItemDetailViewController.swift in Sources */,
				86789C4B22509A0E00FAC27F /* TVShow.swift in Sources */,
				86842B3E224E94240060B7EE /* CarouselViewModel.swift in Sources */,
				867F63E62247901800D2524D /* FeaturedViewController.swift in Sources */,
				863F2EC122494DEA00B2F29A /* ApiThemoviedbResponses.swift in Sources */,
				86789C4D2250ECB200FAC27F /* FeaturedCoordinatable.swift in Sources */,
				867F63ED2247A94E00D2524D /* HTTPClientService.swift in Sources */,
				865B67122247E68B002ECD99 /* HTTPClient.swift in Sources */,
				86AD8F102259E94B002F3674 /* ApiThemoviedbTVShowsProvider.swift in Sources */,
				86E3EE6E22528C8800177C22 /* ItemDetailHeaderView.swift in Sources */,
				86842B40224E95120060B7EE /* CarouselItemViewModel.swift in Sources */,
				867F63E82247923400D2524D /* App.swift in Sources */,
				860C39C422460E8F008281D1 /* AppDelegate.swift in Sources */,
				86A32BF522586BF100D75D81 /* MovieDetailCoordinator.swift in Sources */,
				86842B42224E965C0060B7EE /* ActivityIndicator.swift in Sources */,
				863F2EC32249535D00B2F29A /* Movie.swift in Sources */,
				868027CA2253DE4000E289CE /* ItemDetailData.swift in Sources */,
				86FDC5E3224D453F006D0EDF /* MovieCollectionViewCell.swift in Sources */,
				86842B3C224E93600060B7EE /* ViewModelType.swift in Sources */,
				869EE95A224BF624003B6747 /* ApiThemoviedb.swift in Sources */,
				869B8C7C224F3C8500417E3E /* CarouselSectionTableViewCell.swift in Sources */,
				868027C32253D7D200E289CE /* ItemDetailTipsView.swift in Sources */,
				869B8C79224F3B3600417E3E /* FeaturedViewModel.swift in Sources */,
				86789C492250920200FAC27F /* Secret.swift in Sources */,
				865B67102247CF92002ECD99 /* DebugPrint.swift in Sources */,
				869835CA225F2043003333D5 /* TVShowDetailCoordinator.swift in Sources */,
				86AD8F12225A160C002F3674 /* ExampleCoordinator.swift in Sources */,
			);
			runOnlyForDeploymentPostprocessing = 0;
		};
		860C39D322460E92008281D1 /* Sources */ = {
			isa = PBXSourcesBuildPhase;
			buildActionMask = 2147483647;
			files = (
				860C39DC22460E92008281D1 /* movietrackerTests.swift in Sources */,
			);
			runOnlyForDeploymentPostprocessing = 0;
		};
		860C39DE22460E92008281D1 /* Sources */ = {
			isa = PBXSourcesBuildPhase;
			buildActionMask = 2147483647;
			files = (
				860C39E722460E92008281D1 /* movietrackerUITests.swift in Sources */,
			);
			runOnlyForDeploymentPostprocessing = 0;
		};
/* End PBXSourcesBuildPhase section */

/* Begin PBXTargetDependency section */
		860C39D922460E92008281D1 /* PBXTargetDependency */ = {
			isa = PBXTargetDependency;
			target = 860C39BF22460E8F008281D1 /* movietracker */;
			targetProxy = 860C39D822460E92008281D1 /* PBXContainerItemProxy */;
		};
		860C39E422460E92008281D1 /* PBXTargetDependency */ = {
			isa = PBXTargetDependency;
			target = 860C39BF22460E8F008281D1 /* movietracker */;
			targetProxy = 860C39E322460E92008281D1 /* PBXContainerItemProxy */;
		};
/* End PBXTargetDependency section */

/* Begin PBXVariantGroup section */
		860C39C722460E8F008281D1 /* Main.storyboard */ = {
			isa = PBXVariantGroup;
			children = (
				860C39C822460E8F008281D1 /* Base */,
			);
			name = Main.storyboard;
			sourceTree = "<group>";
		};
		860C39CF22460E91008281D1 /* LaunchScreen.storyboard */ = {
			isa = PBXVariantGroup;
			children = (
				860C39D022460E91008281D1 /* Base */,
			);
			name = LaunchScreen.storyboard;
			sourceTree = "<group>";
		};
/* End PBXVariantGroup section */

/* Begin XCBuildConfiguration section */
		860C39E922460E92008281D1 /* Debug */ = {
			isa = XCBuildConfiguration;
			buildSettings = {
				ALWAYS_SEARCH_USER_PATHS = NO;
				CLANG_ANALYZER_NONNULL = YES;
				CLANG_ANALYZER_NUMBER_OBJECT_CONVERSION = YES_AGGRESSIVE;
				CLANG_CXX_LANGUAGE_STANDARD = "gnu++14";
				CLANG_CXX_LIBRARY = "libc++";
				CLANG_ENABLE_MODULES = YES;
				CLANG_ENABLE_OBJC_ARC = YES;
				CLANG_ENABLE_OBJC_WEAK = YES;
				CLANG_WARN_BLOCK_CAPTURE_AUTORELEASING = YES;
				CLANG_WARN_BOOL_CONVERSION = YES;
				CLANG_WARN_COMMA = YES;
				CLANG_WARN_CONSTANT_CONVERSION = YES;
				CLANG_WARN_DEPRECATED_OBJC_IMPLEMENTATIONS = YES;
				CLANG_WARN_DIRECT_OBJC_ISA_USAGE = YES_ERROR;
				CLANG_WARN_DOCUMENTATION_COMMENTS = YES;
				CLANG_WARN_EMPTY_BODY = YES;
				CLANG_WARN_ENUM_CONVERSION = YES;
				CLANG_WARN_INFINITE_RECURSION = YES;
				CLANG_WARN_INT_CONVERSION = YES;
				CLANG_WARN_NON_LITERAL_NULL_CONVERSION = YES;
				CLANG_WARN_OBJC_IMPLICIT_RETAIN_SELF = YES;
				CLANG_WARN_OBJC_LITERAL_CONVERSION = YES;
				CLANG_WARN_OBJC_ROOT_CLASS = YES_ERROR;
				CLANG_WARN_RANGE_LOOP_ANALYSIS = YES;
				CLANG_WARN_STRICT_PROTOTYPES = YES;
				CLANG_WARN_SUSPICIOUS_MOVE = YES;
				CLANG_WARN_UNGUARDED_AVAILABILITY = YES_AGGRESSIVE;
				CLANG_WARN_UNREACHABLE_CODE = YES;
				CLANG_WARN__DUPLICATE_METHOD_MATCH = YES;
				CODE_SIGN_IDENTITY = "iPhone Developer";
				COPY_PHASE_STRIP = NO;
				DEBUG_INFORMATION_FORMAT = dwarf;
				ENABLE_STRICT_OBJC_MSGSEND = YES;
				ENABLE_TESTABILITY = YES;
				GCC_C_LANGUAGE_STANDARD = gnu11;
				GCC_DYNAMIC_NO_PIC = NO;
				GCC_NO_COMMON_BLOCKS = YES;
				GCC_OPTIMIZATION_LEVEL = 0;
				GCC_PREPROCESSOR_DEFINITIONS = (
					"DEBUG=1",
					"$(inherited)",
				);
				GCC_WARN_64_TO_32_BIT_CONVERSION = YES;
				GCC_WARN_ABOUT_RETURN_TYPE = YES_ERROR;
				GCC_WARN_UNDECLARED_SELECTOR = YES;
				GCC_WARN_UNINITIALIZED_AUTOS = YES_AGGRESSIVE;
				GCC_WARN_UNUSED_FUNCTION = YES;
				GCC_WARN_UNUSED_VARIABLE = YES;
				IPHONEOS_DEPLOYMENT_TARGET = 12.1;
				MTL_ENABLE_DEBUG_INFO = INCLUDE_SOURCE;
				MTL_FAST_MATH = YES;
				ONLY_ACTIVE_ARCH = YES;
				SDKROOT = iphoneos;
				SWIFT_ACTIVE_COMPILATION_CONDITIONS = DEBUG;
				SWIFT_OPTIMIZATION_LEVEL = "-Onone";
			};
			name = Debug;
		};
		860C39EA22460E92008281D1 /* Release */ = {
			isa = XCBuildConfiguration;
			buildSettings = {
				ALWAYS_SEARCH_USER_PATHS = NO;
				CLANG_ANALYZER_NONNULL = YES;
				CLANG_ANALYZER_NUMBER_OBJECT_CONVERSION = YES_AGGRESSIVE;
				CLANG_CXX_LANGUAGE_STANDARD = "gnu++14";
				CLANG_CXX_LIBRARY = "libc++";
				CLANG_ENABLE_MODULES = YES;
				CLANG_ENABLE_OBJC_ARC = YES;
				CLANG_ENABLE_OBJC_WEAK = YES;
				CLANG_WARN_BLOCK_CAPTURE_AUTORELEASING = YES;
				CLANG_WARN_BOOL_CONVERSION = YES;
				CLANG_WARN_COMMA = YES;
				CLANG_WARN_CONSTANT_CONVERSION = YES;
				CLANG_WARN_DEPRECATED_OBJC_IMPLEMENTATIONS = YES;
				CLANG_WARN_DIRECT_OBJC_ISA_USAGE = YES_ERROR;
				CLANG_WARN_DOCUMENTATION_COMMENTS = YES;
				CLANG_WARN_EMPTY_BODY = YES;
				CLANG_WARN_ENUM_CONVERSION = YES;
				CLANG_WARN_INFINITE_RECURSION = YES;
				CLANG_WARN_INT_CONVERSION = YES;
				CLANG_WARN_NON_LITERAL_NULL_CONVERSION = YES;
				CLANG_WARN_OBJC_IMPLICIT_RETAIN_SELF = YES;
				CLANG_WARN_OBJC_LITERAL_CONVERSION = YES;
				CLANG_WARN_OBJC_ROOT_CLASS = YES_ERROR;
				CLANG_WARN_RANGE_LOOP_ANALYSIS = YES;
				CLANG_WARN_STRICT_PROTOTYPES = YES;
				CLANG_WARN_SUSPICIOUS_MOVE = YES;
				CLANG_WARN_UNGUARDED_AVAILABILITY = YES_AGGRESSIVE;
				CLANG_WARN_UNREACHABLE_CODE = YES;
				CLANG_WARN__DUPLICATE_METHOD_MATCH = YES;
				CODE_SIGN_IDENTITY = "iPhone Developer";
				COPY_PHASE_STRIP = NO;
				DEBUG_INFORMATION_FORMAT = "dwarf-with-dsym";
				ENABLE_NS_ASSERTIONS = NO;
				ENABLE_STRICT_OBJC_MSGSEND = YES;
				GCC_C_LANGUAGE_STANDARD = gnu11;
				GCC_NO_COMMON_BLOCKS = YES;
				GCC_WARN_64_TO_32_BIT_CONVERSION = YES;
				GCC_WARN_ABOUT_RETURN_TYPE = YES_ERROR;
				GCC_WARN_UNDECLARED_SELECTOR = YES;
				GCC_WARN_UNINITIALIZED_AUTOS = YES_AGGRESSIVE;
				GCC_WARN_UNUSED_FUNCTION = YES;
				GCC_WARN_UNUSED_VARIABLE = YES;
				IPHONEOS_DEPLOYMENT_TARGET = 12.1;
				MTL_ENABLE_DEBUG_INFO = NO;
				MTL_FAST_MATH = YES;
				SDKROOT = iphoneos;
				SWIFT_COMPILATION_MODE = wholemodule;
				SWIFT_OPTIMIZATION_LEVEL = "-O";
				VALIDATE_PRODUCT = YES;
			};
			name = Release;
		};
		860C39EC22460E92008281D1 /* Debug */ = {
			isa = XCBuildConfiguration;
			baseConfigurationReference = ED157B5905CA06A604FF27DF /* Pods-movietracker.debug.xcconfig */;
			buildSettings = {
				ASSETCATALOG_COMPILER_APPICON_NAME = AppIcon;
				CODE_SIGN_STYLE = Automatic;
				DEVELOPMENT_TEAM = "$(DEVELOPMENT_TEAM)";
				INFOPLIST_FILE = movietracker/Info.plist;
				IPHONEOS_DEPLOYMENT_TARGET = 11.0;
				LD_RUNPATH_SEARCH_PATHS = (
					"$(inherited)",
					"@executable_path/Frameworks",
				);
				PRODUCT_BUNDLE_IDENTIFIER = SergeyVasilevkin.movietracker;
				PRODUCT_NAME = "$(TARGET_NAME)";
				SWIFT_VERSION = 5.0;
				TARGETED_DEVICE_FAMILY = 1;
			};
			name = Debug;
		};
		860C39ED22460E92008281D1 /* Release */ = {
			isa = XCBuildConfiguration;
			baseConfigurationReference = 1BF7939EB9E7DC9B21179C14 /* Pods-movietracker.release.xcconfig */;
			buildSettings = {
				ASSETCATALOG_COMPILER_APPICON_NAME = AppIcon;
				CODE_SIGN_STYLE = Automatic;
				DEVELOPMENT_TEAM = "$(DEVELOPMENT_TEAM)";
				INFOPLIST_FILE = movietracker/Info.plist;
				IPHONEOS_DEPLOYMENT_TARGET = 11.0;
				LD_RUNPATH_SEARCH_PATHS = (
					"$(inherited)",
					"@executable_path/Frameworks",
				);
				PRODUCT_BUNDLE_IDENTIFIER = SergeyVasilevkin.movietracker;
				PRODUCT_NAME = "$(TARGET_NAME)";
				SWIFT_VERSION = 5.0;
				TARGETED_DEVICE_FAMILY = 1;
			};
			name = Release;
		};
		860C39EF22460E92008281D1 /* Debug */ = {
			isa = XCBuildConfiguration;
			baseConfigurationReference = C002FB17EFE35201C3F06C1A /* Pods-movietrackerTests.debug.xcconfig */;
			buildSettings = {
				ALWAYS_EMBED_SWIFT_STANDARD_LIBRARIES = YES;
				BUNDLE_LOADER = "$(TEST_HOST)";
				CODE_SIGN_STYLE = Automatic;
				INFOPLIST_FILE = movietrackerTests/Info.plist;
				LD_RUNPATH_SEARCH_PATHS = (
					"$(inherited)",
					"@executable_path/Frameworks",
					"@loader_path/Frameworks",
				);
				PRODUCT_BUNDLE_IDENTIFIER = SergeyVasilevkin.movietrackerTests;
				PRODUCT_NAME = "$(TARGET_NAME)";
				SWIFT_VERSION = 5.0;
				TARGETED_DEVICE_FAMILY = "1,2";
				TEST_HOST = "$(BUILT_PRODUCTS_DIR)/movietracker.app/movietracker";
			};
			name = Debug;
		};
		860C39F022460E92008281D1 /* Release */ = {
			isa = XCBuildConfiguration;
			baseConfigurationReference = EC4C01573F41F46C90762BF2 /* Pods-movietrackerTests.release.xcconfig */;
			buildSettings = {
				ALWAYS_EMBED_SWIFT_STANDARD_LIBRARIES = YES;
				BUNDLE_LOADER = "$(TEST_HOST)";
				CODE_SIGN_STYLE = Automatic;
				INFOPLIST_FILE = movietrackerTests/Info.plist;
				LD_RUNPATH_SEARCH_PATHS = (
					"$(inherited)",
					"@executable_path/Frameworks",
					"@loader_path/Frameworks",
				);
				PRODUCT_BUNDLE_IDENTIFIER = SergeyVasilevkin.movietrackerTests;
				PRODUCT_NAME = "$(TARGET_NAME)";
				SWIFT_VERSION = 5.0;
				TARGETED_DEVICE_FAMILY = "1,2";
				TEST_HOST = "$(BUILT_PRODUCTS_DIR)/movietracker.app/movietracker";
			};
			name = Release;
		};
		860C39F222460E92008281D1 /* Debug */ = {
			isa = XCBuildConfiguration;
			baseConfigurationReference = D0B4746B1B7D197F87073976 /* Pods-movietrackerUITests.debug.xcconfig */;
			buildSettings = {
				ALWAYS_EMBED_SWIFT_STANDARD_LIBRARIES = YES;
				CODE_SIGN_STYLE = Automatic;
				INFOPLIST_FILE = movietrackerUITests/Info.plist;
				LD_RUNPATH_SEARCH_PATHS = (
					"$(inherited)",
					"@executable_path/Frameworks",
					"@loader_path/Frameworks",
				);
				PRODUCT_BUNDLE_IDENTIFIER = SergeyVasilevkin.movietrackerUITests;
				PRODUCT_NAME = "$(TARGET_NAME)";
				SWIFT_VERSION = 5.0;
				TARGETED_DEVICE_FAMILY = "1,2";
				TEST_TARGET_NAME = movietracker;
			};
			name = Debug;
		};
		860C39F322460E92008281D1 /* Release */ = {
			isa = XCBuildConfiguration;
			baseConfigurationReference = F9CCB1FE66327DFEB247E0D1 /* Pods-movietrackerUITests.release.xcconfig */;
			buildSettings = {
				ALWAYS_EMBED_SWIFT_STANDARD_LIBRARIES = YES;
				CODE_SIGN_STYLE = Automatic;
				INFOPLIST_FILE = movietrackerUITests/Info.plist;
				LD_RUNPATH_SEARCH_PATHS = (
					"$(inherited)",
					"@executable_path/Frameworks",
					"@loader_path/Frameworks",
				);
				PRODUCT_BUNDLE_IDENTIFIER = SergeyVasilevkin.movietrackerUITests;
				PRODUCT_NAME = "$(TARGET_NAME)";
				SWIFT_VERSION = 5.0;
				TARGETED_DEVICE_FAMILY = "1,2";
				TEST_TARGET_NAME = movietracker;
			};
			name = Release;
		};
/* End XCBuildConfiguration section */

/* Begin XCConfigurationList section */
		860C39BB22460E8F008281D1 /* Build configuration list for PBXProject "movietracker" */ = {
			isa = XCConfigurationList;
			buildConfigurations = (
				860C39E922460E92008281D1 /* Debug */,
				860C39EA22460E92008281D1 /* Release */,
			);
			defaultConfigurationIsVisible = 0;
			defaultConfigurationName = Release;
		};
		860C39EB22460E92008281D1 /* Build configuration list for PBXNativeTarget "movietracker" */ = {
			isa = XCConfigurationList;
			buildConfigurations = (
				860C39EC22460E92008281D1 /* Debug */,
				860C39ED22460E92008281D1 /* Release */,
			);
			defaultConfigurationIsVisible = 0;
			defaultConfigurationName = Release;
		};
		860C39EE22460E92008281D1 /* Build configuration list for PBXNativeTarget "movietrackerTests" */ = {
			isa = XCConfigurationList;
			buildConfigurations = (
				860C39EF22460E92008281D1 /* Debug */,
				860C39F022460E92008281D1 /* Release */,
			);
			defaultConfigurationIsVisible = 0;
			defaultConfigurationName = Release;
		};
		860C39F122460E92008281D1 /* Build configuration list for PBXNativeTarget "movietrackerUITests" */ = {
			isa = XCConfigurationList;
			buildConfigurations = (
				860C39F222460E92008281D1 /* Debug */,
				860C39F322460E92008281D1 /* Release */,
			);
			defaultConfigurationIsVisible = 0;
			defaultConfigurationName = Release;
		};
/* End XCConfigurationList section */

/* Begin XCVersionGroup section */
		860C39CA22460E8F008281D1 /* movietracker.xcdatamodeld */ = {
			isa = XCVersionGroup;
			children = (
				860C39CB22460E8F008281D1 /* movietracker.xcdatamodel */,
			);
			currentVersion = 860C39CB22460E8F008281D1 /* movietracker.xcdatamodel */;
			path = movietracker.xcdatamodeld;
			sourceTree = "<group>";
			versionGroupType = wrapper.xcdatamodel;
		};
/* End XCVersionGroup section */
	};
	rootObject = 860C39B822460E8F008281D1 /* Project object */;
}
